<?xml version="1.0" encoding="utf-8"?>
<Project ToolsVersion="4.0" xmlns="http://schemas.microsoft.com/developer/msbuild/2003">
  <ItemGroup>
    <Filter Include="Source Files">
      <UniqueIdentifier>{4FC737F1-C7A5-4376-A066-2A32D752A2FF}</UniqueIdentifier>
      <Extensions>cpp;c;cc;cxx;def;odl;idl;hpj;bat;asm;asmx</Extensions>
    </Filter>
    <Filter Include="Header Files">
      <UniqueIdentifier>{93995380-89BD-4b04-88EB-625FBE52EBFB}</UniqueIdentifier>
      <Extensions>h;hh;hpp;hxx;hm;inl;inc;xsd</Extensions>
    </Filter>
    <Filter Include="Resource Files">
      <UniqueIdentifier>{67DA6AB6-F800-4c08-8B7A-83BB121AAD01}</UniqueIdentifier>
      <Extensions>rc;ico;cur;bmp;dlg;rc2;rct;bin;rgs;gif;jpg;jpeg;jpe;resx;tiff;tif;png;wav;mfcribbon-ms</Extensions>
    </Filter>
    <Filter Include="vo">
      <UniqueIdentifier>{3b54779e-3340-4581-8016-f634b6726283}</UniqueIdentifier>
    </Filter>
    <Filter Include="mapper">
      <UniqueIdentifier>{ea389eeb-c3db-4367-af60-655e5d6e1e42}</UniqueIdentifier>
    </Filter>
  </ItemGroup>
  <ItemGroup>
    <ClCompile Include="mysqlbase.cpp">
      <Filter>Source Files</Filter>
    </ClCompile>
    <ClCompile Include="main.cpp">
      <Filter>Source Files</Filter>
    </ClCompile>
    <ClCompile Include="choiceMapper.cpp">
      <Filter>mapper</Filter>
    </ClCompile>
    <ClCompile Include="choice.cpp">
      <Filter>vo</Filter>
    </ClCompile>
  </ItemGroup>
  <ItemGroup>
    <ClInclude Include="mysqlbase.h">
      <Filter>Source Files</Filter>
    </ClInclude>
    <ClInclude Include="choice.h">
      <Filter>vo</Filter>
    </ClInclude>
    <ClInclude Include="classic.h">
      <Filter>vo</Filter>
    </ClInclude>
    <ClInclude Include="knowledge.h">
      <Filter>vo</Filter>
    </ClInclude>
    <ClInclude Include="sentence.h">
      <Filter>vo</Filter>
    </ClInclude>
    <ClInclude Include="studentInfo.h">
      <Filter>vo</Filter>
    </ClInclude>
    <ClInclude Include="word.h">
      <Filter>vo</Filter>
    </ClInclude>
    <ClInclude Include="choiceMapper.h">
      <Filter>mapper</Filter>
    </ClInclude>
  </ItemGroup>
</Project>